
Microsoft Visual Studio Solution File, Format Version 11.00
# Visual Studio 2010
Project("{FAE04EC0-301F-11D3-BF4B-00C04F79EFBC}") = "Assembly-CSharp", "Assembly-CSharp.csproj", "{88B73A99-147A-9E8E-F958-6D271E9BD819}"
EndProject
Project("{FAE04EC0-301F-11D3-BF4B-00C04F79EFBC}") = "Assembly-CSharp-firstpass", "Assembly-CSharp-firstpass.csproj", "{C3E9C3FF-4AD9-A062-5415-4B6A15CBA405}"
EndProject
Project("{FAE04EC0-301F-11D3-BF4B-00C04F79EFBC}") = "Assembly-CSharp-Editor-firstpass", "Assembly-CSharp-Editor-firstpass.csproj", "{703E4A51-0FC9-126D-1080-0499546E411B}"
EndProject
Global
	GlobalSection(SolutionConfigurationPlatforms) = preSolution
		Debug|Any CPU = Debug|Any CPU
		Release|Any CPU = Release|Any CPU
	EndGlobalSection
	GlobalSection(ProjectConfigurationPlatforms) = postSolution
		{88B73A99-147A-9E8E-F958-6D271E9BD819}.Debug|Any CPU.ActiveCfg = Debug|Any CPU
		{88B73A99-147A-9E8E-F958-6D271E9BD819}.Debug|Any CPU.Build.0 = Debug|Any CPU
		{88B73A99-147A-9E8E-F958-6D271E9BD819}.Release|Any CPU.ActiveCfg = Release|Any CPU
		{88B73A99-147A-9E8E-F958-6D271E9BD819}.Release|Any CPU.Build.0 = Release|Any CPU
		{C3E9C3FF-4AD9-A062-5415-4B6A15CBA405}.Debug|Any CPU.ActiveCfg = Debug|Any CPU
		{C3E9C3FF-4AD9-A062-5415-4B6A15CBA405}.Debug|Any CPU.Build.0 = Debug|Any CPU
		{C3E9C3FF-4AD9-A062-5415-4B6A15CBA405}.Release|Any CPU.ActiveCfg = Release|Any CPU
		{C3E9C3FF-4AD9-A062-5415-4B6A15CBA405}.Release|Any CPU.Build.0 = Release|Any CPU
		{703E4A51-0FC9-126D-1080-0499546E411B}.Debug|Any CPU.ActiveCfg = Debug|Any CPU
		{703E4A51-0FC9-126D-1080-0499546E411B}.Debug|Any CPU.Build.0 = Debug|Any CPU
		{703E4A51-0FC9-126D-1080-0499546E411B}.Release|Any CPU.ActiveCfg = Release|Any CPU
		{703E4A51-0FC9-126D-1080-0499546E411B}.Release|Any CPU.Build.0 = Release|Any CPU
	EndGlobalSection
	GlobalSection(SolutionProperties) = preSolution
		HideSolutionNode = FALSE
	EndGlobalSection
	GlobalSection(MonoDevelopProperties) = preSolution
		StartupItem = Assembly-CSharp.csproj
	EndGlobalSection
EndGlobal
